Microsoft Visual Studio Solution File, Format Version 12.00
# Visual Studio Version 17
VisualStudioVersion = 17.12.35521.163
MinimumVisualStudioVersion = 10.0.40219.1
Project("{2150E333-8FDC-42A3-9474-1A3956D46DE8}") = "src", "src", "{9B018B1A-789A-45F8-8E67-74B9D0A86EB4}"
EndProject
Project("{2150E333-8FDC-42A3-9474-1A3956D46DE8}") = "test", "test", "{0A55CC2F-4021-439E-A8C3-7C69493DED12}"
EndProject
Project("{FAE04EC0-301F-11D3-BF4B-00C04F79EFBC}") = "ECommerce.ProductManagement", "src\ECommerce.ProductManagement\ECommerce.ProductManagement.csproj", "{E64F9FA1-7A0F-43E9-BE41-9D5CB965DD7B}"
EndProject
Project("{FAE04EC0-301F-11D3-BF4B-00C04F79EFBC}") = "ECommerce.SharedFramework", "src\ECommerce.SharedFramework\ECommerce.SharedFramework.csproj", "{95369E82-F765-4081-8C76-61F4815AB255}"
EndProject
Project("{FAE04EC0-301F-11D3-BF4B-00C04F79EFBC}") = "ECommerce.AppHost", "src\ECommerce.AppHost\ECommerce.AppHost.csproj", "{FD9E1B93-419C-4E70-91DC-915138147DEB}"
EndProject
Project("{FAE04EC0-301F-11D3-BF4B-00C04F79EFBC}") = "ECommerce.ServiceDefaults", "src\ECommerce.ServiceDefaults\ECommerce.ServiceDefaults.csproj", "{D5873FDB-08CC-469F-9545-879B07F3164E}"
EndProject
Project("{FAE04EC0-301F-11D3-BF4B-00C04F79EFBC}") = "ECommerce.Gateway", "src\ECommerce.Gateway\ECommerce.Gateway.csproj", "{717816C0-4D03-4BD0-ADC6-E02DA54B62AD}"
EndProject
Project("{FAE04EC0-301F-11D3-BF4B-00C04F79EFBC}") = "Ecommerce.Test.Integration", "test\Ecommerce.Test.Integration\Ecommerce.Test.Integration.csproj", "{B3202481-0A17-4390-950F-66BB435AA5CD}"
EndProject
Global
	GlobalSection(SolutionConfigurationPlatforms) = preSolution
		Debug|Any CPU = Debug|Any CPU
		Release|Any CPU = Release|Any CPU
	EndGlobalSection
	GlobalSection(ProjectConfigurationPlatforms) = postSolution
		{E64F9FA1-7A0F-43E9-BE41-9D5CB965DD7B}.Debug|Any CPU.ActiveCfg = Debug|Any CPU
		{E64F9FA1-7A0F-43E9-BE41-9D5CB965DD7B}.Debug|Any CPU.Build.0 = Debug|Any CPU
		{E64F9FA1-7A0F-43E9-BE41-9D5CB965DD7B}.Release|Any CPU.ActiveCfg = Release|Any CPU
		{E64F9FA1-7A0F-43E9-BE41-9D5CB965DD7B}.Release|Any CPU.Build.0 = Release|Any CPU
		{95369E82-F765-4081-8C76-61F4815AB255}.Debug|Any CPU.ActiveCfg = Debug|Any CPU
		{95369E82-F765-4081-8C76-61F4815AB255}.Debug|Any CPU.Build.0 = Debug|Any CPU
		{95369E82-F765-4081-8C76-61F4815AB255}.Release|Any CPU.ActiveCfg = Release|Any CPU
		{95369E82-F765-4081-8C76-61F4815AB255}.Release|Any CPU.Build.0 = Release|Any CPU
		{FD9E1B93-419C-4E70-91DC-915138147DEB}.Debug|Any CPU.ActiveCfg = Debug|Any CPU
		{FD9E1B93-419C-4E70-91DC-915138147DEB}.Debug|Any CPU.Build.0 = Debug|Any CPU
		{FD9E1B93-419C-4E70-91DC-915138147DEB}.Release|Any CPU.ActiveCfg = Release|Any CPU
		{FD9E1B93-419C-4E70-91DC-915138147DEB}.Release|Any CPU.Build.0 = Release|Any CPU
		{D5873FDB-08CC-469F-9545-879B07F3164E}.Debug|Any CPU.ActiveCfg = Debug|Any CPU
		{D5873FDB-08CC-469F-9545-879B07F3164E}.Debug|Any CPU.Build.0 = Debug|Any CPU
		{D5873FDB-08CC-469F-9545-879B07F3164E}.Release|Any CPU.ActiveCfg = Release|Any CPU
		{D5873FDB-08CC-469F-9545-879B07F3164E}.Release|Any CPU.Build.0 = Release|Any CPU
		{717816C0-4D03-4BD0-ADC6-E02DA54B62AD}.Debug|Any CPU.ActiveCfg = Debug|Any CPU
		{717816C0-4D03-4BD0-ADC6-E02DA54B62AD}.Debug|Any CPU.Build.0 = Debug|Any CPU
		{717816C0-4D03-4BD0-ADC6-E02DA54B62AD}.Release|Any CPU.ActiveCfg = Release|Any CPU
		{717816C0-4D03-4BD0-ADC6-E02DA54B62AD}.Release|Any CPU.Build.0 = Release|Any CPU
		{B3202481-0A17-4390-950F-66BB435AA5CD}.Debug|Any CPU.ActiveCfg = Debug|Any CPU
		{B3202481-0A17-4390-950F-66BB435AA5CD}.Debug|Any CPU.Build.0 = Debug|Any CPU
		{B3202481-0A17-4390-950F-66BB435AA5CD}.Release|Any CPU.ActiveCfg = Release|Any CPU
		{B3202481-0A17-4390-950F-66BB435AA5CD}.Release|Any CPU.Build.0 = Release|Any CPU
	EndGlobalSection
	GlobalSection(SolutionProperties) = preSolution
		HideSolutionNode = FALSE
	EndGlobalSection
	GlobalSection(NestedProjects) = preSolution
		{E64F9FA1-7A0F-43E9-BE41-9D5CB965DD7B} = {9B018B1A-789A-45F8-8E67-74B9D0A86EB4}
		{95369E82-F765-4081-8C76-61F4815AB255} = {9B018B1A-789A-45F8-8E67-74B9D0A86EB4}
		{FD9E1B93-419C-4E70-91DC-915138147DEB} = {9B018B1A-789A-45F8-8E67-74B9D0A86EB4}
		{D5873FDB-08CC-469F-9545-879B07F3164E} = {9B018B1A-789A-45F8-8E67-74B9D0A86EB4}
		{717816C0-4D03-4BD0-ADC6-E02DA54B62AD} = {9B018B1A-789A-45F8-8E67-74B9D0A86EB4}
		{B3202481-0A17-4390-950F-66BB435AA5CD} = {0A55CC2F-4021-439E-A8C3-7C69493DED12}
	EndGlobalSection
EndGlobal
